// !$*UTF8*$!
{
	archiveVersion = 1;
	classes = {
	};
	objectVersion = 46;
	objects = {

/* Begin PBXBuildFile section */
		43ACAA031EFA459900D5BE49 /* main.m in Sources */ = {isa = PBXBuildFile; fileRef = 43ACAA021EFA459900D5BE49 /* main.m */; };
		43ACAA061EFA459900D5BE49 /* AppDelegate.m in Sources */ = {isa = PBXBuildFile; fileRef = 43ACAA051EFA459900D5BE49 /* AppDelegate.m */; };
		43ACAA091EFA459900D5BE49 /* Every_DoItAgain.xcdatamodeld in Sources */ = {isa = PBXBuildFile; fileRef = 43ACAA071EFA459900D5BE49 /* Every_DoItAgain.xcdatamodeld */; };
		43ACAA0C1EFA459900D5BE49 /* MasterViewController.m in Sources */ = {isa = PBXBuildFile; fileRef = 43ACAA0B1EFA459900D5BE49 /* MasterViewController.m */; };
		43ACAA0F1EFA459900D5BE49 /* DetailViewController.m in Sources */ = {isa = PBXBuildFile; fileRef = 43ACAA0E1EFA459900D5BE49 /* DetailViewController.m */; };
		43ACAA121EFA459900D5BE49 /* Main.storyboard in Resources */ = {isa = PBXBuildFile; fileRef = 43ACAA101EFA459900D5BE49 /* Main.storyboard */; };
		43ACAA141EFA459900D5BE49 /* Assets.xcassets in Resources */ = {isa = PBXBuildFile; fileRef = 43ACAA131EFA459900D5BE49 /* Assets.xcassets */; };
		43ACAA171EFA459900D5BE49 /* LaunchScreen.storyboard in Resources */ = {isa = PBXBuildFile; fileRef = 43ACAA151EFA459900D5BE49 /* LaunchScreen.storyboard */; };
		43ACAA231EFACBA700D5BE49 /* AddItemViewController.m in Sources */ = {isa = PBXBuildFile; fileRef = 43ACAA221EFACBA700D5BE49 /* AddItemViewController.m */; };
		43ACAA261EFACE3700D5BE49 /* PriorityTextField.m in Sources */ = {isa = PBXBuildFile; fileRef = 43ACAA251EFACE3700D5BE49 /* PriorityTextField.m */; };
		43ACAA291EFADDDC00D5BE49 /* TaskViewController.m in Sources */ = {isa = PBXBuildFile; fileRef = 43ACAA281EFADDDC00D5BE49 /* TaskViewController.m */; };
		43ACAA331EFAFFAC00D5BE49 /* MyThemes.m in Sources */ = {isa = PBXBuildFile; fileRef = 43ACAA321EFAFFAC00D5BE49 /* MyThemes.m */; };
		43ACAA3B1EFB0FA800D5BE49 /* LoginViewController.m in Sources */ = {isa = PBXBuildFile; fileRef = 43ACAA3A1EFB0FA800D5BE49 /* LoginViewController.m */; };
		F2EDAE5EE74165A678A36E16 /* Pods_Every_DoItAgain.framework in Frameworks */ = {isa = PBXBuildFile; fileRef = E9B941374FCB24FA746A8661 /* Pods_Every_DoItAgain.framework */; };
/* End PBXBuildFile section */

/* Begin PBXFileReference section */
		1ECBBD2D60F684790F178ADC /* Pods-Every.DoItAgain.debug.xcconfig */ = {isa = PBXFileReference; includeInIndex = 1; lastKnownFileType = text.xcconfig; name = "Pods-Every.DoItAgain.debug.xcconfig"; path = "Pods/Target Support Files/Pods-Every.DoItAgain/Pods-Every.DoItAgain.debug.xcconfig"; sourceTree = "<group>"; };
		43ACA9FE1EFA459900D5BE49 /* Every.DoItAgain.app */ = {isa = PBXFileReference; explicitFileType = wrapper.application; includeInIndex = 0; path = Every.DoItAgain.app; sourceTree = BUILT_PRODUCTS_DIR; };
		43ACAA021EFA459900D5BE49 /* main.m */ = {isa = PBXFileReference; lastKnownFileType = sourcecode.c.objc; path = main.m; sourceTree = "<group>"; };
		43ACAA041EFA459900D5BE49 /* AppDelegate.h */ = {isa = PBXFileReference; lastKnownFileType = sourcecode.c.h; path = AppDelegate.h; sourceTree = "<group>"; };
		43ACAA051EFA459900D5BE49 /* AppDelegate.m */ = {isa = PBXFileReference; lastKnownFileType = sourcecode.c.objc; path = AppDelegate.m; sourceTree = "<group>"; };
		43ACAA081EFA459900D5BE49 /* Every_DoItAgain.xcdatamodel */ = {isa = PBXFileReference; lastKnownFileType = wrapper.xcdatamodel; path = Every_DoItAgain.xcdatamodel; sourceTree = "<group>"; };
		43ACAA0A1EFA459900D5BE49 /* MasterViewController.h */ = {isa = PBXFileReference; lastKnownFileType = sourcecode.c.h; path = MasterViewController.h; sourceTree = "<group>"; };
		43ACAA0B1EFA459900D5BE49 /* MasterViewController.m */ = {isa = PBXFileReference; lastKnownFileType = sourcecode.c.objc; path = MasterViewController.m; sourceTree = "<group>"; };
		43ACAA0D1EFA459900D5BE49 /* DetailViewController.h */ = {isa = PBXFileReference; lastKnownFileType = sourcecode.c.h; path = DetailViewController.h; sourceTree = "<group>"; };
		43ACAA0E1EFA459900D5BE49 /* DetailViewController.m */ = {isa = PBXFileReference; lastKnownFileType = sourcecode.c.objc; path = DetailViewController.m; sourceTree = "<group>"; };
		43ACAA111EFA459900D5BE49 /* Base */ = {isa = PBXFileReference; lastKnownFileType = file.storyboard; name = Base; path = Base.lproj/Main.storyboard; sourceTree = "<group>"; };
		43ACAA131EFA459900D5BE49 /* Assets.xcassets */ = {isa = PBXFileReference; lastKnownFileType = folder.assetcatalog; path = Assets.xcassets; sourceTree = "<group>"; };
		43ACAA161EFA459900D5BE49 /* Base */ = {isa = PBXFileReference; lastKnownFileType = file.storyboard; name = Base; path = Base.lproj/LaunchScreen.storyboard; sourceTree = "<group>"; };
		43ACAA181EFA459900D5BE49 /* Info.plist */ = {isa = PBXFileReference; lastKnownFileType = text.plist.xml; path = Info.plist; sourceTree = "<group>"; };
		43ACAA211EFACBA700D5BE49 /* AddItemViewController.h */ = {isa = PBXFileReference; fileEncoding = 4; lastKnownFileType = sourcecode.c.h; path = AddItemViewController.h; sourceTree = "<group>"; };
		43ACAA221EFACBA700D5BE49 /* AddItemViewController.m */ = {isa = PBXFileReference; fileEncoding = 4; lastKnownFileType = sourcecode.c.objc; path = AddItemViewController.m; sourceTree = "<group>"; };
		43ACAA241EFACE3700D5BE49 /* PriorityTextField.h */ = {isa = PBXFileReference; fileEncoding = 4; lastKnownFileType = sourcecode.c.h; path = PriorityTextField.h; sourceTree = "<group>"; };
		43ACAA251EFACE3700D5BE49 /* PriorityTextField.m */ = {isa = PBXFileReference; fileEncoding = 4; lastKnownFileType = sourcecode.c.objc; path = PriorityTextField.m; sourceTree = "<group>"; };
		43ACAA271EFADDDC00D5BE49 /* TaskViewController.h */ = {isa = PBXFileReference; fileEncoding = 4; lastKnownFileType = sourcecode.c.h; path = TaskViewController.h; sourceTree = "<group>"; };
		43ACAA281EFADDDC00D5BE49 /* TaskViewController.m */ = {isa = PBXFileReference; fileEncoding = 4; lastKnownFileType = sourcecode.c.objc; path = TaskViewController.m; sourceTree = "<group>"; };
		43ACAA301EFAFFAC00D5BE49 /* Global.h */ = {isa = PBXFileReference; fileEncoding = 4; lastKnownFileType = sourcecode.c.h; path = Global.h; sourceTree = "<group>"; };
		43ACAA311EFAFFAC00D5BE49 /* MyThemes.h */ = {isa = PBXFileReference; fileEncoding = 4; lastKnownFileType = sourcecode.c.h; path = MyThemes.h; sourceTree = "<group>"; };
		43ACAA321EFAFFAC00D5BE49 /* MyThemes.m */ = {isa = PBXFileReference; fileEncoding = 4; lastKnownFileType = sourcecode.c.objc; path = MyThemes.m; sourceTree = "<group>"; };
		43ACAA391EFB0FA800D5BE49 /* LoginViewController.h */ = {isa = PBXFileReference; fileEncoding = 4; lastKnownFileType = sourcecode.c.h; path = LoginViewController.h; sourceTree = "<group>"; };
		43ACAA3A1EFB0FA800D5BE49 /* LoginViewController.m */ = {isa = PBXFileReference; fileEncoding = 4; lastKnownFileType = sourcecode.c.objc; path = LoginViewController.m; sourceTree = "<group>"; };
		879A7FFFC5450E0946EF9F3B /* Pods-Every.DoItAgain.release.xcconfig */ = {isa = PBXFileReference; includeInIndex = 1; lastKnownFileType = text.xcconfig; name = "Pods-Every.DoItAgain.release.xcconfig"; path = "Pods/Target Support Files/Pods-Every.DoItAgain/Pods-Every.DoItAgain.release.xcconfig"; sourceTree = "<group>"; };
		E9B941374FCB24FA746A8661 /* Pods_Every_DoItAgain.framework */ = {isa = PBXFileReference; explicitFileType = wrapper.framework; includeInIndex = 0; path = Pods_Every_DoItAgain.framework; sourceTree = BUILT_PRODUCTS_DIR; };
/* End PBXFileReference section */

/* Begin PBXFrameworksBuildPhase section */
		43ACA9FB1EFA459900D5BE49 /* Frameworks */ = {
			isa = PBXFrameworksBuildPhase;
			buildActionMask = 2147483647;
			files = (
				F2EDAE5EE74165A678A36E16 /* Pods_Every_DoItAgain.framework in Frameworks */,
			);
			runOnlyForDeploymentPostprocessing = 0;
		};
/* End PBXFrameworksBuildPhase section */

/* Begin PBXGroup section */
		43ACA9F51EFA459900D5BE49 = {
			isa = PBXGroup;
			children = (
				43ACAA001EFA459900D5BE49 /* Every.DoItAgain */,
				43ACA9FF1EFA459900D5BE49 /* Products */,
				4C5F490CA4DE18562EB49461 /* Pods */,
				7CA05AD0501FD583E98EA119 /* Frameworks */,
			);
			sourceTree = "<group>";
		};
		43ACA9FF1EFA459900D5BE49 /* Products */ = {
			isa = PBXGroup;
			children = (
				43ACA9FE1EFA459900D5BE49 /* Every.DoItAgain.app */,
			);
			name = Products;
			sourceTree = "<group>";
		};
		43ACAA001EFA459900D5BE49 /* Every.DoItAgain */ = {
			isa = PBXGroup;
			children = (
				43ACAA3E1EFB152100D5BE49 /* Models */,
				43ACAA041EFA459900D5BE49 /* AppDelegate.h */,
				43ACAA051EFA459900D5BE49 /* AppDelegate.m */,
				43ACAA3D1EFB151100D5BE49 /* View Controllers */,
				43ACAA3F1EFB153400D5BE49 /* Views */,
				43ACAA131EFA459900D5BE49 /* Assets.xcassets */,
				43ACAA181EFA459900D5BE49 /* Info.plist */,
				43ACAA011EFA459900D5BE49 /* Supporting Files */,
			);
			path = Every.DoItAgain;
			sourceTree = "<group>";
		};
		43ACAA011EFA459900D5BE49 /* Supporting Files */ = {
			isa = PBXGroup;
			children = (
				43ACAA021EFA459900D5BE49 /* main.m */,
			);
			name = "Supporting Files";
			sourceTree = "<group>";
		};
		43ACAA3D1EFB151100D5BE49 /* View Controllers */ = {
			isa = PBXGroup;
			children = (
				43ACAA211EFACBA700D5BE49 /* AddItemViewController.h */,
				43ACAA221EFACBA700D5BE49 /* AddItemViewController.m */,
				43ACAA0D1EFA459900D5BE49 /* DetailViewController.h */,
				43ACAA0E1EFA459900D5BE49 /* DetailViewController.m */,
				43ACAA391EFB0FA800D5BE49 /* LoginViewController.h */,
				43ACAA3A1EFB0FA800D5BE49 /* LoginViewController.m */,
				43ACAA271EFADDDC00D5BE49 /* TaskViewController.h */,
				43ACAA281EFADDDC00D5BE49 /* TaskViewController.m */,
				43ACAA0A1EFA459900D5BE49 /* MasterViewController.h */,
				43ACAA0B1EFA459900D5BE49 /* MasterViewController.m */,
			);
			name = "View Controllers";
			sourceTree = "<group>";
		};
		43ACAA3E1EFB152100D5BE49 /* Models */ = {
			isa = PBXGroup;
			children = (
				43ACAA071EFA459900D5BE49 /* Every_DoItAgain.xcdatamodeld */,
				43ACAA301EFAFFAC00D5BE49 /* Global.h */,
				43ACAA311EFAFFAC00D5BE49 /* MyThemes.h */,
				43ACAA321EFAFFAC00D5BE49 /* MyThemes.m */,
				43ACAA241EFACE3700D5BE49 /* PriorityTextField.h */,
				43ACAA251EFACE3700D5BE49 /* PriorityTextField.m */,
			);
			name = Models;
			sourceTree = "<group>";
		};
		43ACAA3F1EFB153400D5BE49 /* Views */ = {
			isa = PBXGroup;
			children = (
				43ACAA101EFA459900D5BE49 /* Main.storyboard */,
				43ACAA151EFA459900D5BE49 /* LaunchScreen.storyboard */,
			);
			name = Views;
			sourceTree = "<group>";
		};
		4C5F490CA4DE18562EB49461 /* Pods */ = {
			isa = PBXGroup;
			children = (
				1ECBBD2D60F684790F178ADC /* Pods-Every.DoItAgain.debug.xcconfig */,
				879A7FFFC5450E0946EF9F3B /* Pods-Every.DoItAgain.release.xcconfig */,
			);
			name = Pods;
			sourceTree = "<group>";
		};
		7CA05AD0501FD583E98EA119 /* Frameworks */ = {
			isa = PBXGroup;
			children = (
				E9B941374FCB24FA746A8661 /* Pods_Every_DoItAgain.framework */,
			);
			name = Frameworks;
			sourceTree = "<group>";
		};
/* End PBXGroup section */

/* Begin PBXNativeTarget section */
		43ACA9FD1EFA459900D5BE49 /* Every.DoItAgain */ = {
			isa = PBXNativeTarget;
			buildConfigurationList = 43ACAA1B1EFA459900D5BE49 /* Build configuration list for PBXNativeTarget "Every.DoItAgain" */;
			buildPhases = (
				B25B4305B4F260788B768DF5 /* [CP] Check Pods Manifest.lock */,
				43ACA9FA1EFA459900D5BE49 /* Sources */,
				43ACA9FB1EFA459900D5BE49 /* Frameworks */,
				43ACA9FC1EFA459900D5BE49 /* Resources */,
				3F80AED9128DF670F3924479 /* [CP] Embed Pods Frameworks */,
				60AAF5E0F5DABEAA7D8F7C3D /* [CP] Copy Pods Resources */,
			);
			buildRules = (
			);
			dependencies = (
			);
			name = Every.DoItAgain;
			productName = Every.DoItAgain;
			productReference = 43ACA9FE1EFA459900D5BE49 /* Every.DoItAgain.app */;
			productType = "com.apple.product-type.application";
		};
/* End PBXNativeTarget section */

/* Begin PBXProject section */
		43ACA9F61EFA459900D5BE49 /* Project object */ = {
			isa = PBXProject;
			attributes = {
				LastUpgradeCheck = 0830;
				ORGANIZATIONNAME = "Alex Lee";
				TargetAttributes = {
					43ACA9FD1EFA459900D5BE49 = {
						CreatedOnToolsVersion = 8.3.3;
						ProvisioningStyle = Automatic;
					};
				};
			};
			buildConfigurationList = 43ACA9F91EFA459900D5BE49 /* Build configuration list for PBXProject "Every.DoItAgain" */;
			compatibilityVersion = "Xcode 3.2";
			developmentRegion = English;
			hasScannedForEncodings = 0;
			knownRegions = (
				en,
				Base,
			);
			mainGroup = 43ACA9F51EFA459900D5BE49;
			productRefGroup = 43ACA9FF1EFA459900D5BE49 /* Products */;
			projectDirPath = "";
			projectRoot = "";
			targets = (
				43ACA9FD1EFA459900D5BE49 /* Every.DoItAgain */,
			);
		};
/* End PBXProject section */

/* Begin PBXResourcesBuildPhase section */
		43ACA9FC1EFA459900D5BE49 /* Resources */ = {
			isa = PBXResourcesBuildPhase;
			buildActionMask = 2147483647;
			files = (
				43ACAA171EFA459900D5BE49 /* LaunchScreen.storyboard in Resources */,
				43ACAA141EFA459900D5BE49 /* Assets.xcassets in Resources */,
				43ACAA121EFA459900D5BE49 /* Main.storyboard in Resources */,
			);
			runOnlyForDeploymentPostprocessing = 0;
		};
/* End PBXResourcesBuildPhase section */

/* Begin PBXShellScriptBuildPhase section */
		3F80AED9128DF670F3924479 /* [CP] Embed Pods Frameworks */ = {
			isa = PBXShellScriptBuildPhase;
			buildActionMask = 2147483647;
			files = (
			);
			inputPaths = (
			);
			name = "[CP] Embed Pods Frameworks";
			outputPaths = (
			);
			runOnlyForDeploymentPostprocessing = 0;
			shellPath = /bin/sh;
			shellScript = "\"${SRCROOT}/Pods/Target Support Files/Pods-Every.DoItAgain/Pods-Every.DoItAgain-frameworks.sh\"\n";
			showEnvVarsInLog = 0;
		};
		60AAF5E0F5DABEAA7D8F7C3D /* [CP] Copy Pods Resources */ = {
			isa = PBXShellScriptBuildPhase;
			buildActionMask = 2147483647;
			files = (
			);
			inputPaths = (
			);
			name = "[CP] Copy Pods Resources";
			outputPaths = (
			);
			runOnlyForDeploymentPostprocessing = 0;
			shellPath = /bin/sh;
			shellScript = "\"${SRCROOT}/Pods/Target Support Files/Pods-Every.DoItAgain/Pods-Every.DoItAgain-resources.sh\"\n";
			showEnvVarsInLog = 0;
		};
		B25B4305B4F260788B768DF5 /* [CP] Check Pods Manifest.lock */ = {
			isa = PBXShellScriptBuildPhase;
			buildActionMask = 2147483647;
			files = (
			);
			inputPaths = (
			);
			name = "[CP] Check Pods Manifest.lock";
			outputPaths = (
			);
			runOnlyForDeploymentPostprocessing = 0;
			shellPath = /bin/sh;
			shellScript = "diff \"${PODS_PODFILE_DIR_PATH}/Podfile.lock\" \"${PODS_ROOT}/Manifest.lock\" > /dev/null\nif [ $? != 0 ] ; then\n    # print error to STDERR\n    echo \"error: The sandbox is not in sync with the Podfile.lock. Run 'pod install' or update your CocoaPods installation.\" >&2\n    exit 1\nfi\n";
			showEnvVarsInLog = 0;
		};
/* End PBXShellScriptBuildPhase section */

/* Begin PBXSourcesBuildPhase section */
		43ACA9FA1EFA459900D5BE49 /* Sources */ = {
			isa = PBXSourcesBuildPhase;
			buildActionMask = 2147483647;
			files = (
				43ACAA0F1EFA459900D5BE49 /* DetailViewController.m in Sources */,
				43ACAA291EFADDDC00D5BE49 /* TaskViewController.m in Sources */,
				43ACAA231EFACBA700D5BE49 /* AddItemViewController.m in Sources */,
				43ACAA0C1EFA459900D5BE49 /* MasterViewController.m in Sources */,
				43ACAA3B1EFB0FA800D5BE49 /* LoginViewController.m in Sources */,
				43ACAA061EFA459900D5BE49 /* AppDelegate.m in Sources */,
				43ACAA031EFA459900D5BE49 /* main.m in Sources */,
				43ACAA331EFAFFAC00D5BE49 /* MyThemes.m in Sources */,
				43ACAA261EFACE3700D5BE49 /* PriorityTextField.m in Sources */,
				43ACAA091EFA459900D5BE49 /* Every_DoItAgain.xcdatamodeld in Sources */,
			);
			runOnlyForDeploymentPostprocessing = 0;
		};
/* End PBXSourcesBuildPhase section */

/* Begin PBXVariantGroup section */
		43ACAA101EFA459900D5BE49 /* Main.storyboard */ = {
			isa = PBXVariantGroup;
			children = (
				43ACAA111EFA459900D5BE49 /* Base */,
			);
			name = Main.storyboard;
			sourceTree = "<group>";
		};
		43ACAA151EFA459900D5BE49 /* LaunchScreen.storyboard */ = {
			isa = PBXVariantGroup;
			children = (
				43ACAA161EFA459900D5BE49 /* Base */,
			);
			name = LaunchScreen.storyboard;
			sourceTree = "<group>";
		};
/* End PBXVariantGroup section */

/* Begin XCBuildConfiguration section */
		43ACAA191EFA459900D5BE49 /* Debug */ = {
			isa = XCBuildConfiguration;
			buildSettings = {
				ALWAYS_SEARCH_USER_PATHS = NO;
				CLANG_ANALYZER_NONNULL = YES;
				CLANG_ANALYZER_NUMBER_OBJECT_CONVERSION = YES_AGGRESSIVE;
				CLANG_CXX_LANGUAGE_STANDARD = "gnu++0x";
				CLANG_CXX_LIBRARY = "libc++";
				CLANG_ENABLE_MODULES = YES;
				CLANG_ENABLE_OBJC_ARC = YES;
				CLANG_WARN_BOOL_CONVERSION = YES;
				CLANG_WARN_CONSTANT_CONVERSION = YES;
				CLANG_WARN_DIRECT_OBJC_ISA_USAGE = YES_ERROR;
				CLANG_WARN_DOCUMENTATION_COMMENTS = YES;
				CLANG_WARN_EMPTY_BODY = YES;
				CLANG_WARN_ENUM_CONVERSION = YES;
				CLANG_WARN_INFINITE_RECURSION = YES;
				CLANG_WARN_INT_CONVERSION = YES;
				CLANG_WARN_OBJC_ROOT_CLASS = YES_ERROR;
				CLANG_WARN_SUSPICIOUS_MOVE = YES;
				CLANG_WARN_UNREACHABLE_CODE = YES;
				CLANG_WARN__DUPLICATE_METHOD_MATCH = YES;
				"CODE_SIGN_IDENTITY[sdk=iphoneos*]" = "iPhone Developer";
				COPY_PHASE_STRIP = NO;
				DEBUG_INFORMATION_FORMAT = dwarf;
				ENABLE_STRICT_OBJC_MSGSEND = YES;
				ENABLE_TESTABILITY = YES;
				GCC_C_LANGUAGE_STANDARD = gnu99;
				GCC_DYNAMIC_NO_PIC = NO;
				GCC_NO_COMMON_BLOCKS = YES;
				GCC_OPTIMIZATION_LEVEL = 0;
				GCC_PREPROCESSOR_DEFINITIONS = (
					"DEBUG=1",
					"$(inherited)",
				);
				GCC_WARN_64_TO_32_BIT_CONVERSION = YES;
				GCC_WARN_ABOUT_RETURN_TYPE = YES_ERROR;
				GCC_WARN_UNDECLARED_SELECTOR = YES;
				GCC_WARN_UNINITIALIZED_AUTOS = YES_AGGRESSIVE;
				GCC_WARN_UNUSED_FUNCTION = YES;
				GCC_WARN_UNUSED_VARIABLE = YES;
				IPHONEOS_DEPLOYMENT_TARGET = 10.3;
				MTL_ENABLE_DEBUG_INFO = YES;
				ONLY_ACTIVE_ARCH = YES;
				SDKROOT = iphoneos;
				TARGETED_DEVICE_FAMILY = "1,2";
			};
			name = Debug;
		};
		43ACAA1A1EFA459900D5BE49 /* Release */ = {
			isa = XCBuildConfiguration;
			buildSettings = {
				ALWAYS_SEARCH_USER_PATHS = NO;
				CLANG_ANALYZER_NONNULL = YES;
				CLANG_ANALYZER_NUMBER_OBJECT_CONVERSION = YES_AGGRESSIVE;
				CLANG_CXX_LANGUAGE_STANDARD = "gnu++0x";
				CLANG_CXX_LIBRARY = "libc++";
				CLANG_ENABLE_MODULES = YES;
				CLANG_ENABLE_OBJC_ARC = YES;
				CLANG_WARN_BOOL_CONVERSION = YES;
				CLANG_WARN_CONSTANT_CONVERSION = YES;
				CLANG_WARN_DIRECT_OBJC_ISA_USAGE = YES_ERROR;
				CLANG_WARN_DOCUMENTATION_COMMENTS = YES;
				CLANG_WARN_EMPTY_BODY = YES;
				CLANG_WARN_ENUM_CONVERSION = YES;
				CLANG_WARN_INFINITE_RECURSION = YES;
				CLANG_WARN_INT_CONVERSION = YES;
				CLANG_WARN_OBJC_ROOT_CLASS = YES_ERROR;
				CLANG_WARN_SUSPICIOUS_MOVE = YES;
				CLANG_WARN_UNREACHABLE_CODE = YES;
				CLANG_WARN__DUPLICATE_METHOD_MATCH = YES;
				"CODE_SIGN_IDENTITY[sdk=iphoneos*]" = "iPhone Developer";
				COPY_PHASE_STRIP = NO;
				DEBUG_INFORMATION_FORMAT = "dwarf-with-dsym";
				ENABLE_NS_ASSERTIONS = NO;
				ENABLE_STRICT_OBJC_MSGSEND = YES;
				GCC_C_LANGUAGE_STANDARD = gnu99;
				GCC_NO_COMMON_BLOCKS = YES;
				GCC_WARN_64_TO_32_BIT_CONVERSION = YES;
				GCC_WARN_ABOUT_RETURN_TYPE = YES_ERROR;
				GCC_WARN_UNDECLARED_SELECTOR = YES;
				GCC_WARN_UNINITIALIZED_AUTOS = YES_AGGRESSIVE;
				GCC_WARN_UNUSED_FUNCTION = YES;
				GCC_WARN_UNUSED_VARIABLE = YES;
				IPHONEOS_DEPLOYMENT_TARGET = 10.3;
				MTL_ENABLE_DEBUG_INFO = NO;
				SDKROOT = iphoneos;
				TARGETED_DEVICE_FAMILY = "1,2";
				VALIDATE_PRODUCT = YES;
			};
			name = Release;
		};
		43ACAA1C1EFA459900D5BE49 /* Debug */ = {
			isa = XCBuildConfiguration;
			baseConfigurationReference = 1ECBBD2D60F684790F178ADC /* Pods-Every.DoItAgain.debug.xcconfig */;
			buildSettings = {
				ASSETCATALOG_COMPILER_APPICON_NAME = AppIcon;
				INFOPLIST_FILE = Every.DoItAgain/Info.plist;
				LD_RUNPATH_SEARCH_PATHS = "$(inherited) @executable_path/Frameworks";
				PRODUCT_BUNDLE_IDENTIFIER = "com.alexlee.Every-DoItAgain";
				PRODUCT_NAME = "$(TARGET_NAME)";
			};
			name = Debug;
		};
		43ACAA1D1EFA459900D5BE49 /* Release */ = {
			isa = XCBuildConfiguration;
			baseConfigurationReference = 879A7FFFC5450E0946EF9F3B /* Pods-Every.DoItAgain.release.xcconfig */;
			buildSettings = {
				ASSETCATALOG_COMPILER_APPICON_NAME = AppIcon;
				INFOPLIST_FILE = Every.DoItAgain/Info.plist;
				LD_RUNPATH_SEARCH_PATHS = "$(inherited) @executable_path/Frameworks";
				PRODUCT_BUNDLE_IDENTIFIER = "com.alexlee.Every-DoItAgain";
				PRODUCT_NAME = "$(TARGET_NAME)";
			};
			name = Release;
		};
/* End XCBuildConfiguration section */

/* Begin XCConfigurationList section */
		43ACA9F91EFA459900D5BE49 /* Build configuration list for PBXProject "Every.DoItAgain" */ = {
			isa = XCConfigurationList;
			buildConfigurations = (
				43ACAA191EFA459900D5BE49 /* Debug */,
				43ACAA1A1EFA459900D5BE49 /* Release */,
			);
			defaultConfigurationIsVisible = 0;
			defaultConfigurationName = Release;
		};
		43ACAA1B1EFA459900D5BE49 /* Build configuration list for PBXNativeTarget "Every.DoItAgain" */ = {
			isa = XCConfigurationList;
			buildConfigurations = (
				43ACAA1C1EFA459900D5BE49 /* Debug */,
				43ACAA1D1EFA459900D5BE49 /* Release */,
			);
			defaultConfigurationIsVisible = 0;
			defaultConfigurationName = Release;
		};
/* End XCConfigurationList section */

/* Begin XCVersionGroup section */
		43ACAA071EFA459900D5BE49 /* Every_DoItAgain.xcdatamodeld */ = {
			isa = XCVersionGroup;
			children = (
				43ACAA081EFA459900D5BE49 /* Every_DoItAgain.xcdatamodel */,
			);
			currentVersion = 43ACAA081EFA459900D5BE49 /* Every_DoItAgain.xcdatamodel */;
			path = Every_DoItAgain.xcdatamodeld;
			sourceTree = "<group>";
			versionGroupType = wrapper.xcdatamodel;
		};
/* End XCVersionGroup section */
	};
	rootObject = 43ACA9F61EFA459900D5BE49 /* Project object */;
}
